{
  "name": "micromustache-examples",
  "version": "0.0.0",
  "lockfileVersion": 1,
  "requires": true,
  "dependencies": {
    "am": {
      "version": "1.0.1",
      "resolved": "https://registry.npmjs.org/am/-/am-1.0.1.tgz",
      "integrity": "sha512-69cgCw3uvabBvG8z27oqAKTShanoOFqyRSz1RFKsbI/B5ZM/SrIeoe4Drn0pYgnv5Ge4elwF9k1p86d2JNk07g=="
    },
    "node-fetch": {
      "version": "2.6.0",
      "resolved": "https://registry.npmjs.org/node-fetch/-/node-fetch-2.6.0.tgz",
      "integrity": "sha512-8dG4H5ujfvFiqDmVu9fQ5bOHUC15JMjMY/Zumv26oOvvVJjM67KF8koCWIabKQ1GJIa9r2mMZscBq/TbdOcmNA=="
    }
  }
}
